
Microsoft Visual Studio Solution File, Format Version 12.00
Project("{FAE04EC0-301F-11D3-BF4B-00C04F79EFBC}") = "FlashCards.Api.App", "FlashCards.Api.App\FlashCards.Api.App.csproj", "{C28C7B9C-E637-4411-AFC9-2CC375326976}"
EndProject
Project("{2150E333-8FDC-42A3-9474-1A3956D46DE8}") = "Api", "Api", "{CB28FC06-CA67-461B-8977-E4E9B082B8E4}"
EndProject
Project("{FAE04EC0-301F-11D3-BF4B-00C04F79EFBC}") = "FlashCards.Api.Bl", "FlashCards.Api.Bl\FlashCards.Api.Bl.csproj", "{E962276F-A772-4CBD-A994-FF9497A4AB62}"
EndProject
Project("{FAE04EC0-301F-11D3-BF4B-00C04F79EFBC}") = "FlashCards.Api.Dal", "FlashCards.Api.Dal\FlashCards.Api.Dal.csproj", "{D70EFD64-3159-448D-AAD5-33CAB96627DF}"
EndProject
Project("{2150E333-8FDC-42A3-9474-1A3956D46DE8}") = "Common", "Common", "{AA7A02BC-977E-4F2E-B3CB-34D125BBBAA5}"
EndProject
Project("{FAE04EC0-301F-11D3-BF4B-00C04F79EFBC}") = "FlashCards.Common", "FlashCards.Common\FlashCards.Common.csproj", "{358E35E3-BB2F-4AAB-8105-CA669F40B8E5}"
EndProject
Project("{2150E333-8FDC-42A3-9474-1A3956D46DE8}") = "Identity", "Identity", "{95B97E27-60F5-45AA-8761-CA91C8919AF3}"
EndProject
Project("{FAE04EC0-301F-11D3-BF4B-00C04F79EFBC}") = "FlashCards.Identity.App", "FlashCards.Identity.App\FlashCards.Identity.App.csproj", "{81F08C16-EBF2-4A9A-B1E5-B82D6840A14C}"
EndProject
Global
	GlobalSection(SolutionConfigurationPlatforms) = preSolution
		Debug|Any CPU = Debug|Any CPU
		Release|Any CPU = Release|Any CPU
	EndGlobalSection
	GlobalSection(ProjectConfigurationPlatforms) = postSolution
		{C28C7B9C-E637-4411-AFC9-2CC375326976}.Debug|Any CPU.ActiveCfg = Debug|Any CPU
		{C28C7B9C-E637-4411-AFC9-2CC375326976}.Debug|Any CPU.Build.0 = Debug|Any CPU
		{C28C7B9C-E637-4411-AFC9-2CC375326976}.Release|Any CPU.ActiveCfg = Release|Any CPU
		{C28C7B9C-E637-4411-AFC9-2CC375326976}.Release|Any CPU.Build.0 = Release|Any CPU
		{E962276F-A772-4CBD-A994-FF9497A4AB62}.Debug|Any CPU.ActiveCfg = Debug|Any CPU
		{E962276F-A772-4CBD-A994-FF9497A4AB62}.Debug|Any CPU.Build.0 = Debug|Any CPU
		{E962276F-A772-4CBD-A994-FF9497A4AB62}.Release|Any CPU.ActiveCfg = Release|Any CPU
		{E962276F-A772-4CBD-A994-FF9497A4AB62}.Release|Any CPU.Build.0 = Release|Any CPU
		{D70EFD64-3159-448D-AAD5-33CAB96627DF}.Debug|Any CPU.ActiveCfg = Debug|Any CPU
		{D70EFD64-3159-448D-AAD5-33CAB96627DF}.Debug|Any CPU.Build.0 = Debug|Any CPU
		{D70EFD64-3159-448D-AAD5-33CAB96627DF}.Release|Any CPU.ActiveCfg = Release|Any CPU
		{D70EFD64-3159-448D-AAD5-33CAB96627DF}.Release|Any CPU.Build.0 = Release|Any CPU
		{358E35E3-BB2F-4AAB-8105-CA669F40B8E5}.Debug|Any CPU.ActiveCfg = Debug|Any CPU
		{358E35E3-BB2F-4AAB-8105-CA669F40B8E5}.Debug|Any CPU.Build.0 = Debug|Any CPU
		{358E35E3-BB2F-4AAB-8105-CA669F40B8E5}.Release|Any CPU.ActiveCfg = Release|Any CPU
		{358E35E3-BB2F-4AAB-8105-CA669F40B8E5}.Release|Any CPU.Build.0 = Release|Any CPU
		{81F08C16-EBF2-4A9A-B1E5-B82D6840A14C}.Debug|Any CPU.ActiveCfg = Debug|Any CPU
		{81F08C16-EBF2-4A9A-B1E5-B82D6840A14C}.Debug|Any CPU.Build.0 = Debug|Any CPU
		{81F08C16-EBF2-4A9A-B1E5-B82D6840A14C}.Release|Any CPU.ActiveCfg = Release|Any CPU
		{81F08C16-EBF2-4A9A-B1E5-B82D6840A14C}.Release|Any CPU.Build.0 = Release|Any CPU
	EndGlobalSection
	GlobalSection(NestedProjects) = preSolution
		{C28C7B9C-E637-4411-AFC9-2CC375326976} = {CB28FC06-CA67-461B-8977-E4E9B082B8E4}
		{E962276F-A772-4CBD-A994-FF9497A4AB62} = {CB28FC06-CA67-461B-8977-E4E9B082B8E4}
		{D70EFD64-3159-448D-AAD5-33CAB96627DF} = {CB28FC06-CA67-461B-8977-E4E9B082B8E4}
		{358E35E3-BB2F-4AAB-8105-CA669F40B8E5} = {AA7A02BC-977E-4F2E-B3CB-34D125BBBAA5}
		{81F08C16-EBF2-4A9A-B1E5-B82D6840A14C} = {95B97E27-60F5-45AA-8761-CA91C8919AF3}
	EndGlobalSection
EndGlobal
